// !$*UTF8*$!
{
	archiveVersion = 1;
	classes = {
	};
	objectVersion = 50;
	objects = {

/* Begin PBXBuildFile section */
		1235D2DD25DDC1D1009762E9 /* TableViewCell.swift in Sources */ = {isa = PBXBuildFile; fileRef = 1235D2DC25DDC1D1009762E9 /* TableViewCell.swift */; };
		1235D2E225DDC2A0009762E9 /* MovieCell.swift in Sources */ = {isa = PBXBuildFile; fileRef = 1235D2E125DDC2A0009762E9 /* MovieCell.swift */; };
		12C86FE525DB226A009DA466 /* AppDelegate.swift in Sources */ = {isa = PBXBuildFile; fileRef = 12C86FE425DB226A009DA466 /* AppDelegate.swift */; };
		12C86FE725DB226A009DA466 /* SceneDelegate.swift in Sources */ = {isa = PBXBuildFile; fileRef = 12C86FE625DB226A009DA466 /* SceneDelegate.swift */; };
		12C86FEC25DB226A009DA466 /* Main.storyboard in Resources */ = {isa = PBXBuildFile; fileRef = 12C86FEA25DB226A009DA466 /* Main.storyboard */; };
		12C86FEE25DB226B009DA466 /* Assets.xcassets in Resources */ = {isa = PBXBuildFile; fileRef = 12C86FED25DB226B009DA466 /* Assets.xcassets */; };
		12C86FF125DB226B009DA466 /* LaunchScreen.storyboard in Resources */ = {isa = PBXBuildFile; fileRef = 12C86FEF25DB226B009DA466 /* LaunchScreen.storyboard */; };
		12C86FFC25DB226B009DA466 /* flixsterTests.swift in Sources */ = {isa = PBXBuildFile; fileRef = 12C86FFB25DB226B009DA466 /* flixsterTests.swift */; };
		12C8700725DB226B009DA466 /* flixsterUITests.swift in Sources */ = {isa = PBXBuildFile; fileRef = 12C8700625DB226B009DA466 /* flixsterUITests.swift */; };
		12C8701B25DB23F8009DA466 /* MoviesViewController.swift in Sources */ = {isa = PBXBuildFile; fileRef = 12C8701A25DB23F8009DA466 /* MoviesViewController.swift */; };
		49922A24E54882E43BFC79EB /* Pods_flixster.framework in Frameworks */ = {isa = PBXBuildFile; fileRef = C98C6F4FAA15E637AABF1ADD /* Pods_flixster.framework */; };
		7B6236C403D9F4AE2E742438 /* Pods_flixster_flixsterUITests.framework in Frameworks */ = {isa = PBXBuildFile; fileRef = 282B255814E329B07CA84612 /* Pods_flixster_flixsterUITests.framework */; };
		9406F94B689A36C49C4A982A /* Pods_flixsterTests.framework in Frameworks */ = {isa = PBXBuildFile; fileRef = 7BE8587A9DB1431581B53094 /* Pods_flixsterTests.framework */; };
/* End PBXBuildFile section */

/* Begin PBXContainerItemProxy section */
		12C86FF825DB226B009DA466 /* PBXContainerItemProxy */ = {
			isa = PBXContainerItemProxy;
			containerPortal = 12C86FD925DB226A009DA466 /* Project object */;
			proxyType = 1;
			remoteGlobalIDString = 12C86FE025DB226A009DA466;
			remoteInfo = flixster;
		};
		12C8700325DB226B009DA466 /* PBXContainerItemProxy */ = {
			isa = PBXContainerItemProxy;
			containerPortal = 12C86FD925DB226A009DA466 /* Project object */;
			proxyType = 1;
			remoteGlobalIDString = 12C86FE025DB226A009DA466;
			remoteInfo = flixster;
		};
/* End PBXContainerItemProxy section */

/* Begin PBXFileReference section */
		07774FFEDA9A315A1C229E1A /* Pods-flixster.release.xcconfig */ = {isa = PBXFileReference; includeInIndex = 1; lastKnownFileType = text.xcconfig; name = "Pods-flixster.release.xcconfig"; path = "Target Support Files/Pods-flixster/Pods-flixster.release.xcconfig"; sourceTree = "<group>"; };
		1235D2DC25DDC1D1009762E9 /* TableViewCell.swift */ = {isa = PBXFileReference; lastKnownFileType = sourcecode.swift; path = TableViewCell.swift; sourceTree = "<group>"; };
		1235D2E125DDC2A0009762E9 /* MovieCell.swift */ = {isa = PBXFileReference; lastKnownFileType = sourcecode.swift; path = MovieCell.swift; sourceTree = "<group>"; };
		12C86FE125DB226A009DA466 /* flixster.app */ = {isa = PBXFileReference; explicitFileType = wrapper.application; includeInIndex = 0; path = flixster.app; sourceTree = BUILT_PRODUCTS_DIR; };
		12C86FE425DB226A009DA466 /* AppDelegate.swift */ = {isa = PBXFileReference; lastKnownFileType = sourcecode.swift; path = AppDelegate.swift; sourceTree = "<group>"; };
		12C86FE625DB226A009DA466 /* SceneDelegate.swift */ = {isa = PBXFileReference; lastKnownFileType = sourcecode.swift; path = SceneDelegate.swift; sourceTree = "<group>"; };
		12C86FEB25DB226A009DA466 /* Base */ = {isa = PBXFileReference; lastKnownFileType = file.storyboard; name = Base; path = Base.lproj/Main.storyboard; sourceTree = "<group>"; };
		12C86FED25DB226B009DA466 /* Assets.xcassets */ = {isa = PBXFileReference; lastKnownFileType = folder.assetcatalog; path = Assets.xcassets; sourceTree = "<group>"; };
		12C86FF025DB226B009DA466 /* Base */ = {isa = PBXFileReference; lastKnownFileType = file.storyboard; name = Base; path = Base.lproj/LaunchScreen.storyboard; sourceTree = "<group>"; };
		12C86FF225DB226B009DA466 /* Info.plist */ = {isa = PBXFileReference; lastKnownFileType = text.plist.xml; path = Info.plist; sourceTree = "<group>"; };
		12C86FF725DB226B009DA466 /* flixsterTests.xctest */ = {isa = PBXFileReference; explicitFileType = wrapper.cfbundle; includeInIndex = 0; path = flixsterTests.xctest; sourceTree = BUILT_PRODUCTS_DIR; };
		12C86FFB25DB226B009DA466 /* flixsterTests.swift */ = {isa = PBXFileReference; lastKnownFileType = sourcecode.swift; path = flixsterTests.swift; sourceTree = "<group>"; };
		12C86FFD25DB226B009DA466 /* Info.plist */ = {isa = PBXFileReference; lastKnownFileType = text.plist.xml; path = Info.plist; sourceTree = "<group>"; };
		12C8700225DB226B009DA466 /* flixsterUITests.xctest */ = {isa = PBXFileReference; explicitFileType = wrapper.cfbundle; includeInIndex = 0; path = flixsterUITests.xctest; sourceTree = BUILT_PRODUCTS_DIR; };
		12C8700625DB226B009DA466 /* flixsterUITests.swift */ = {isa = PBXFileReference; lastKnownFileType = sourcecode.swift; path = flixsterUITests.swift; sourceTree = "<group>"; };
		12C8700825DB226B009DA466 /* Info.plist */ = {isa = PBXFileReference; lastKnownFileType = text.plist.xml; path = Info.plist; sourceTree = "<group>"; };
		12C8701A25DB23F8009DA466 /* MoviesViewController.swift */ = {isa = PBXFileReference; lastKnownFileType = sourcecode.swift; path = MoviesViewController.swift; sourceTree = "<group>"; };
		282B255814E329B07CA84612 /* Pods_flixster_flixsterUITests.framework */ = {isa = PBXFileReference; explicitFileType = wrapper.framework; includeInIndex = 0; path = Pods_flixster_flixsterUITests.framework; sourceTree = BUILT_PRODUCTS_DIR; };
		5C586BB990618658C1485DC1 /* Pods-flixster-flixsterUITests.debug.xcconfig */ = {isa = PBXFileReference; includeInIndex = 1; lastKnownFileType = text.xcconfig; name = "Pods-flixster-flixsterUITests.debug.xcconfig"; path = "Target Support Files/Pods-flixster-flixsterUITests/Pods-flixster-flixsterUITests.debug.xcconfig"; sourceTree = "<group>"; };
		6A7222594B378637AE41423A /* Pods-flixsterTests.release.xcconfig */ = {isa = PBXFileReference; includeInIndex = 1; lastKnownFileType = text.xcconfig; name = "Pods-flixsterTests.release.xcconfig"; path = "Target Support Files/Pods-flixsterTests/Pods-flixsterTests.release.xcconfig"; sourceTree = "<group>"; };
		715288ED16691002E492DA5C /* Pods-flixster-flixsterUITests.release.xcconfig */ = {isa = PBXFileReference; includeInIndex = 1; lastKnownFileType = text.xcconfig; name = "Pods-flixster-flixsterUITests.release.xcconfig"; path = "Target Support Files/Pods-flixster-flixsterUITests/Pods-flixster-flixsterUITests.release.xcconfig"; sourceTree = "<group>"; };
		7BE8587A9DB1431581B53094 /* Pods_flixsterTests.framework */ = {isa = PBXFileReference; explicitFileType = wrapper.framework; includeInIndex = 0; path = Pods_flixsterTests.framework; sourceTree = BUILT_PRODUCTS_DIR; };
		96ECC2E9EE6340F5DA983EA1 /* Pods-flixsterTests.debug.xcconfig */ = {isa = PBXFileReference; includeInIndex = 1; lastKnownFileType = text.xcconfig; name = "Pods-flixsterTests.debug.xcconfig"; path = "Target Support Files/Pods-flixsterTests/Pods-flixsterTests.debug.xcconfig"; sourceTree = "<group>"; };
		C98C6F4FAA15E637AABF1ADD /* Pods_flixster.framework */ = {isa = PBXFileReference; explicitFileType = wrapper.framework; includeInIndex = 0; path = Pods_flixster.framework; sourceTree = BUILT_PRODUCTS_DIR; };
		E6E18401A0F5D1201CB5FFED /* Pods-flixster.debug.xcconfig */ = {isa = PBXFileReference; includeInIndex = 1; lastKnownFileType = text.xcconfig; name = "Pods-flixster.debug.xcconfig"; path = "Target Support Files/Pods-flixster/Pods-flixster.debug.xcconfig"; sourceTree = "<group>"; };
/* End PBXFileReference section */

/* Begin PBXFrameworksBuildPhase section */
		12C86FDE25DB226A009DA466 /* Frameworks */ = {
			isa = PBXFrameworksBuildPhase;
			buildActionMask = 2147483647;
			files = (
				49922A24E54882E43BFC79EB /* Pods_flixster.framework in Frameworks */,
			);
			runOnlyForDeploymentPostprocessing = 0;
		};
		12C86FF425DB226B009DA466 /* Frameworks */ = {
			isa = PBXFrameworksBuildPhase;
			buildActionMask = 2147483647;
			files = (
				9406F94B689A36C49C4A982A /* Pods_flixsterTests.framework in Frameworks */,
			);
			runOnlyForDeploymentPostprocessing = 0;
		};
		12C86FFF25DB226B009DA466 /* Frameworks */ = {
			isa = PBXFrameworksBuildPhase;
			buildActionMask = 2147483647;
			files = (
				7B6236C403D9F4AE2E742438 /* Pods_flixster_flixsterUITests.framework in Frameworks */,
			);
			runOnlyForDeploymentPostprocessing = 0;
		};
/* End PBXFrameworksBuildPhase section */

/* Begin PBXGroup section */
		0072CC9A284748A18F7CDAB8 /* Frameworks */ = {
			isa = PBXGroup;
			children = (
				C98C6F4FAA15E637AABF1ADD /* Pods_flixster.framework */,
				282B255814E329B07CA84612 /* Pods_flixster_flixsterUITests.framework */,
				7BE8587A9DB1431581B53094 /* Pods_flixsterTests.framework */,
			);
			name = Frameworks;
			sourceTree = "<group>";
		};
		12C86FD825DB226A009DA466 = {
			isa = PBXGroup;
			children = (
				12C86FE325DB226A009DA466 /* flixster */,
				12C86FFA25DB226B009DA466 /* flixsterTests */,
				12C8700525DB226B009DA466 /* flixsterUITests */,
				12C86FE225DB226A009DA466 /* Products */,
				8CA7F90BD0FFFE5AD16376E1 /* Pods */,
				0072CC9A284748A18F7CDAB8 /* Frameworks */,
			);
			sourceTree = "<group>";
		};
		12C86FE225DB226A009DA466 /* Products */ = {
			isa = PBXGroup;
			children = (
				12C86FE125DB226A009DA466 /* flixster.app */,
				12C86FF725DB226B009DA466 /* flixsterTests.xctest */,
				12C8700225DB226B009DA466 /* flixsterUITests.xctest */,
			);
			name = Products;
			sourceTree = "<group>";
		};
		12C86FE325DB226A009DA466 /* flixster */ = {
			isa = PBXGroup;
			children = (
				12C86FE425DB226A009DA466 /* AppDelegate.swift */,
				12C86FE625DB226A009DA466 /* SceneDelegate.swift */,
				12C86FEA25DB226A009DA466 /* Main.storyboard */,
				1235D2E125DDC2A0009762E9 /* MovieCell.swift */,
				1235D2DC25DDC1D1009762E9 /* TableViewCell.swift */,
				12C86FED25DB226B009DA466 /* Assets.xcassets */,
				12C86FEF25DB226B009DA466 /* LaunchScreen.storyboard */,
				12C86FF225DB226B009DA466 /* Info.plist */,
				12C8701A25DB23F8009DA466 /* MoviesViewController.swift */,
			);
			path = flixster;
			sourceTree = "<group>";
		};
		12C86FFA25DB226B009DA466 /* flixsterTests */ = {
			isa = PBXGroup;
			children = (
				12C86FFB25DB226B009DA466 /* flixsterTests.swift */,
				12C86FFD25DB226B009DA466 /* Info.plist */,
			);
			path = flixsterTests;
			sourceTree = "<group>";
		};
		12C8700525DB226B009DA466 /* flixsterUITests */ = {
			isa = PBXGroup;
			children = (
				12C8700625DB226B009DA466 /* flixsterUITests.swift */,
				12C8700825DB226B009DA466 /* Info.plist */,
			);
			path = flixsterUITests;
			sourceTree = "<group>";
		};
		8CA7F90BD0FFFE5AD16376E1 /* Pods */ = {
			isa = PBXGroup;
			children = (
				E6E18401A0F5D1201CB5FFED /* Pods-flixster.debug.xcconfig */,
				07774FFEDA9A315A1C229E1A /* Pods-flixster.release.xcconfig */,
				5C586BB990618658C1485DC1 /* Pods-flixster-flixsterUITests.debug.xcconfig */,
				715288ED16691002E492DA5C /* Pods-flixster-flixsterUITests.release.xcconfig */,
				96ECC2E9EE6340F5DA983EA1 /* Pods-flixsterTests.debug.xcconfig */,
				6A7222594B378637AE41423A /* Pods-flixsterTests.release.xcconfig */,
			);
			name = Pods;
			path = Pods;
			sourceTree = "<group>";
		};
/* End PBXGroup section */

/* Begin PBXNativeTarget section */
		12C86FE025DB226A009DA466 /* flixster */ = {
			isa = PBXNativeTarget;
			buildConfigurationList = 12C8700B25DB226B009DA466 /* Build configuration list for PBXNativeTarget "flixster" */;
			buildPhases = (
				8BAC16C1AF474A7A3F94BC31 /* [CP] Check Pods Manifest.lock */,
				12C86FDD25DB226A009DA466 /* Sources */,
				12C86FDE25DB226A009DA466 /* Frameworks */,
				12C86FDF25DB226A009DA466 /* Resources */,
				1A7EA256188F1F6CBB69CD46 /* [CP] Embed Pods Frameworks */,
			);
			buildRules = (
			);
			dependencies = (
			);
			name = flixster;
			productName = flixster;
			productReference = 12C86FE125DB226A009DA466 /* flixster.app */;
			productType = "com.apple.product-type.application";
		};
		12C86FF625DB226B009DA466 /* flixsterTests */ = {
			isa = PBXNativeTarget;
			buildConfigurationList = 12C8700E25DB226B009DA466 /* Build configuration list for PBXNativeTarget "flixsterTests" */;
			buildPhases = (
				D1226CA9572C19CE3B35E245 /* [CP] Check Pods Manifest.lock */,
				12C86FF325DB226B009DA466 /* Sources */,
				12C86FF425DB226B009DA466 /* Frameworks */,
				12C86FF525DB226B009DA466 /* Resources */,
			);
			buildRules = (
			);
			dependencies = (
				12C86FF925DB226B009DA466 /* PBXTargetDependency */,
			);
			name = flixsterTests;
			productName = flixsterTests;
			productReference = 12C86FF725DB226B009DA466 /* flixsterTests.xctest */;
			productType = "com.apple.product-type.bundle.unit-test";
		};
		12C8700125DB226B009DA466 /* flixsterUITests */ = {
			isa = PBXNativeTarget;
			buildConfigurationList = 12C8701125DB226B009DA466 /* Build configuration list for PBXNativeTarget "flixsterUITests" */;
			buildPhases = (
				09B15C25D25B5753201112EA /* [CP] Check Pods Manifest.lock */,
				12C86FFE25DB226B009DA466 /* Sources */,
				12C86FFF25DB226B009DA466 /* Frameworks */,
				12C8700025DB226B009DA466 /* Resources */,
				062785E9CF96BA110ACFE45C /* [CP] Embed Pods Frameworks */,
			);
			buildRules = (
			);
			dependencies = (
				12C8700425DB226B009DA466 /* PBXTargetDependency */,
			);
			name = flixsterUITests;
			productName = flixsterUITests;
			productReference = 12C8700225DB226B009DA466 /* flixsterUITests.xctest */;
			productType = "com.apple.product-type.bundle.ui-testing";
		};
/* End PBXNativeTarget section */

/* Begin PBXProject section */
		12C86FD925DB226A009DA466 /* Project object */ = {
			isa = PBXProject;
			attributes = {
				LastSwiftUpdateCheck = 1240;
				LastUpgradeCheck = 1240;
				TargetAttributes = {
					12C86FE025DB226A009DA466 = {
						CreatedOnToolsVersion = 12.4;
					};
					12C86FF625DB226B009DA466 = {
						CreatedOnToolsVersion = 12.4;
						TestTargetID = 12C86FE025DB226A009DA466;
					};
					12C8700125DB226B009DA466 = {
						CreatedOnToolsVersion = 12.4;
						TestTargetID = 12C86FE025DB226A009DA466;
					};
				};
			};
			buildConfigurationList = 12C86FDC25DB226A009DA466 /* Build configuration list for PBXProject "flixster" */;
			compatibilityVersion = "Xcode 9.3";
			developmentRegion = en;
			hasScannedForEncodings = 0;
			knownRegions = (
				en,
				Base,
			);
			mainGroup = 12C86FD825DB226A009DA466;
			productRefGroup = 12C86FE225DB226A009DA466 /* Products */;
			projectDirPath = "";
			projectRoot = "";
			targets = (
				12C86FE025DB226A009DA466 /* flixster */,
				12C86FF625DB226B009DA466 /* flixsterTests */,
				12C8700125DB226B009DA466 /* flixsterUITests */,
			);
		};
/* End PBXProject section */

/* Begin PBXResourcesBuildPhase section */
		12C86FDF25DB226A009DA466 /* Resources */ = {
			isa = PBXResourcesBuildPhase;
			buildActionMask = 2147483647;
			files = (
				12C86FF125DB226B009DA466 /* LaunchScreen.storyboard in Resources */,
				12C86FEE25DB226B009DA466 /* Assets.xcassets in Resources */,
				12C86FEC25DB226A009DA466 /* Main.storyboard in Resources */,
			);
			runOnlyForDeploymentPostprocessing = 0;
		};
		12C86FF525DB226B009DA466 /* Resources */ = {
			isa = PBXResourcesBuildPhase;
			buildActionMask = 2147483647;
			files = (
			);
			runOnlyForDeploymentPostprocessing = 0;
		};
		12C8700025DB226B009DA466 /* Resources */ = {
			isa = PBXResourcesBuildPhase;
			buildActionMask = 2147483647;
			files = (
			);
			runOnlyForDeploymentPostprocessing = 0;
		};
/* End PBXResourcesBuildPhase section */

/* Begin PBXShellScriptBuildPhase section */
		062785E9CF96BA110ACFE45C /* [CP] Embed Pods Frameworks */ = {
			isa = PBXShellScriptBuildPhase;
			buildActionMask = 2147483647;
			files = (
			);
			inputFileListPaths = (
				"${PODS_ROOT}/Target Support Files/Pods-flixster-flixsterUITests/Pods-flixster-flixsterUITests-frameworks-${CONFIGURATION}-input-files.xcfilelist",
			);
			name = "[CP] Embed Pods Frameworks";
			outputFileListPaths = (
				"${PODS_ROOT}/Target Support Files/Pods-flixster-flixsterUITests/Pods-flixster-flixsterUITests-frameworks-${CONFIGURATION}-output-files.xcfilelist",
			);
			runOnlyForDeploymentPostprocessing = 0;
			shellPath = /bin/sh;
			shellScript = "\"${PODS_ROOT}/Target Support Files/Pods-flixster-flixsterUITests/Pods-flixster-flixsterUITests-frameworks.sh\"\n";
			showEnvVarsInLog = 0;
		};
		09B15C25D25B5753201112EA /* [CP] Check Pods Manifest.lock */ = {
			isa = PBXShellScriptBuildPhase;
			buildActionMask = 2147483647;
			files = (
			);
			inputFileListPaths = (
			);
			inputPaths = (
				"${PODS_PODFILE_DIR_PATH}/Podfile.lock",
				"${PODS_ROOT}/Manifest.lock",
			);
			name = "[CP] Check Pods Manifest.lock";
			outputFileListPaths = (
			);
			outputPaths = (
				"$(DERIVED_FILE_DIR)/Pods-flixster-flixsterUITests-checkManifestLockResult.txt",
			);
			runOnlyForDeploymentPostprocessing = 0;
			shellPath = /bin/sh;
			shellScript = "diff \"${PODS_PODFILE_DIR_PATH}/Podfile.lock\" \"${PODS_ROOT}/Manifest.lock\" > /dev/null\nif [ $? != 0 ] ; then\n    # print error to STDERR\n    echo \"error: The sandbox is not in sync with the Podfile.lock. Run 'pod install' or update your CocoaPods installation.\" >&2\n    exit 1\nfi\n# This output is used by Xcode 'outputs' to avoid re-running this script phase.\necho \"SUCCESS\" > \"${SCRIPT_OUTPUT_FILE_0}\"\n";
			showEnvVarsInLog = 0;
		};
		1A7EA256188F1F6CBB69CD46 /* [CP] Embed Pods Frameworks */ = {
			isa = PBXShellScriptBuildPhase;
			buildActionMask = 2147483647;
			files = (
			);
			inputFileListPaths = (
				"${PODS_ROOT}/Target Support Files/Pods-flixster/Pods-flixster-frameworks-${CONFIGURATION}-input-files.xcfilelist",
			);
			name = "[CP] Embed Pods Frameworks";
			outputFileListPaths = (
				"${PODS_ROOT}/Target Support Files/Pods-flixster/Pods-flixster-frameworks-${CONFIGURATION}-output-files.xcfilelist",
			);
			runOnlyForDeploymentPostprocessing = 0;
			shellPath = /bin/sh;
			shellScript = "\"${PODS_ROOT}/Target Support Files/Pods-flixster/Pods-flixster-frameworks.sh\"\n";
			showEnvVarsInLog = 0;
		};
		8BAC16C1AF474A7A3F94BC31 /* [CP] Check Pods Manifest.lock */ = {
			isa = PBXShellScriptBuildPhase;
			buildActionMask = 2147483647;
			files = (
			);
			inputFileListPaths = (
			);
			inputPaths = (
				"${PODS_PODFILE_DIR_PATH}/Podfile.lock",
				"${PODS_ROOT}/Manifest.lock",
			);
			name = "[CP] Check Pods Manifest.lock";
			outputFileListPaths = (
			);
			outputPaths = (
				"$(DERIVED_FILE_DIR)/Pods-flixster-checkManifestLockResult.txt",
			);
			runOnlyForDeploymentPostprocessing = 0;
			shellPath = /bin/sh;
			shellScript = "diff \"${PODS_PODFILE_DIR_PATH}/Podfile.lock\" \"${PODS_ROOT}/Manifest.lock\" > /dev/null\nif [ $? != 0 ] ; then\n    # print error to STDERR\n    echo \"error: The sandbox is not in sync with the Podfile.lock. Run 'pod install' or update your CocoaPods installation.\" >&2\n    exit 1\nfi\n# This output is used by Xcode 'outputs' to avoid re-running this script phase.\necho \"SUCCESS\" > \"${SCRIPT_OUTPUT_FILE_0}\"\n";
			showEnvVarsInLog = 0;
		};
		D1226CA9572C19CE3B35E245 /* [CP] Check Pods Manifest.lock */ = {
			isa = PBXShellScriptBuildPhase;
			buildActionMask = 2147483647;
			files = (
			);
			inputFileListPaths = (
			);
			inputPaths = (
				"${PODS_PODFILE_DIR_PATH}/Podfile.lock",
				"${PODS_ROOT}/Manifest.lock",
			);
			name = "[CP] Check Pods Manifest.lock";
			outputFileListPaths = (
			);
			outputPaths = (
				"$(DERIVED_FILE_DIR)/Pods-flixsterTests-checkManifestLockResult.txt",
			);
			runOnlyForDeploymentPostprocessing = 0;
			shellPath = /bin/sh;
			shellScript = "diff \"${PODS_PODFILE_DIR_PATH}/Podfile.lock\" \"${PODS_ROOT}/Manifest.lock\" > /dev/null\nif [ $? != 0 ] ; then\n    # print error to STDERR\n    echo \"error: The sandbox is not in sync with the Podfile.lock. Run 'pod install' or update your CocoaPods installation.\" >&2\n    exit 1\nfi\n# This output is used by Xcode 'outputs' to avoid re-running this script phase.\necho \"SUCCESS\" > \"${SCRIPT_OUTPUT_FILE_0}\"\n";
			showEnvVarsInLog = 0;
		};
/* End PBXShellScriptBuildPhase section */

/* Begin PBXSourcesBuildPhase section */
		12C86FDD25DB226A009DA466 /* Sources */ = {
			isa = PBXSourcesBuildPhase;
			buildActionMask = 2147483647;
			files = (
				12C86FE525DB226A009DA466 /* AppDelegate.swift in Sources */,
				1235D2DD25DDC1D1009762E9 /* TableViewCell.swift in Sources */,
				12C86FE725DB226A009DA466 /* SceneDelegate.swift in Sources */,
				1235D2E225DDC2A0009762E9 /* MovieCell.swift in Sources */,
				12C8701B25DB23F8009DA466 /* MoviesViewController.swift in Sources */,
			);
			runOnlyForDeploymentPostprocessing = 0;
		};
		12C86FF325DB226B009DA466 /* Sources */ = {
			isa = PBXSourcesBuildPhase;
			buildActionMask = 2147483647;
			files = (
				12C86FFC25DB226B009DA466 /* flixsterTests.swift in Sources */,
			);
			runOnlyForDeploymentPostprocessing = 0;
		};
		12C86FFE25DB226B009DA466 /* Sources */ = {
			isa = PBXSourcesBuildPhase;
			buildActionMask = 2147483647;
			files = (
				12C8700725DB226B009DA466 /* flixsterUITests.swift in Sources */,
			);
			runOnlyForDeploymentPostprocessing = 0;
		};
/* End PBXSourcesBuildPhase section */

/* Begin PBXTargetDependency section */
		12C86FF925DB226B009DA466 /* PBXTargetDependency */ = {
			isa = PBXTargetDependency;
			target = 12C86FE025DB226A009DA466 /* flixster */;
			targetProxy = 12C86FF825DB226B009DA466 /* PBXContainerItemProxy */;
		};
		12C8700425DB226B009DA466 /* PBXTargetDependency */ = {
			isa = PBXTargetDependency;
			target = 12C86FE025DB226A009DA466 /* flixster */;
			targetProxy = 12C8700325DB226B009DA466 /* PBXContainerItemProxy */;
		};
/* End PBXTargetDependency section */

/* Begin PBXVariantGroup section */
		12C86FEA25DB226A009DA466 /* Main.storyboard */ = {
			isa = PBXVariantGroup;
			children = (
				12C86FEB25DB226A009DA466 /* Base */,
			);
			name = Main.storyboard;
			sourceTree = "<group>";
		};
		12C86FEF25DB226B009DA466 /* LaunchScreen.storyboard */ = {
			isa = PBXVariantGroup;
			children = (
				12C86FF025DB226B009DA466 /* Base */,
			);
			name = LaunchScreen.storyboard;
			sourceTree = "<group>";
		};
/* End PBXVariantGroup section */

/* Begin XCBuildConfiguration section */
		12C8700925DB226B009DA466 /* Debug */ = {
			isa = XCBuildConfiguration;
			buildSettings = {
				ALWAYS_SEARCH_USER_PATHS = NO;
				CLANG_ANALYZER_NONNULL = YES;
				CLANG_ANALYZER_NUMBER_OBJECT_CONVERSION = YES_AGGRESSIVE;
				CLANG_CXX_LANGUAGE_STANDARD = "gnu++14";
				CLANG_CXX_LIBRARY = "libc++";
				CLANG_ENABLE_MODULES = YES;
				CLANG_ENABLE_OBJC_ARC = YES;
				CLANG_ENABLE_OBJC_WEAK = YES;
				CLANG_WARN_BLOCK_CAPTURE_AUTORELEASING = YES;
				CLANG_WARN_BOOL_CONVERSION = YES;
				CLANG_WARN_COMMA = YES;
				CLANG_WARN_CONSTANT_CONVERSION = YES;
				CLANG_WARN_DEPRECATED_OBJC_IMPLEMENTATIONS = YES;
				CLANG_WARN_DIRECT_OBJC_ISA_USAGE = YES_ERROR;
				CLANG_WARN_DOCUMENTATION_COMMENTS = YES;
				CLANG_WARN_EMPTY_BODY = YES;
				CLANG_WARN_ENUM_CONVERSION = YES;
				CLANG_WARN_INFINITE_RECURSION = YES;
				CLANG_WARN_INT_CONVERSION = YES;
				CLANG_WARN_NON_LITERAL_NULL_CONVERSION = YES;
				CLANG_WARN_OBJC_IMPLICIT_RETAIN_SELF = YES;
				CLANG_WARN_OBJC_LITERAL_CONVERSION = YES;
				CLANG_WARN_OBJC_ROOT_CLASS = YES_ERROR;
				CLANG_WARN_QUOTED_INCLUDE_IN_FRAMEWORK_HEADER = YES;
				CLANG_WARN_RANGE_LOOP_ANALYSIS = YES;
				CLANG_WARN_STRICT_PROTOTYPES = YES;
				CLANG_WARN_SUSPICIOUS_MOVE = YES;
				CLANG_WARN_UNGUARDED_AVAILABILITY = YES_AGGRESSIVE;
				CLANG_WARN_UNREACHABLE_CODE = YES;
				CLANG_WARN__DUPLICATE_METHOD_MATCH = YES;
				COPY_PHASE_STRIP = NO;
				DEBUG_INFORMATION_FORMAT = dwarf;
				ENABLE_STRICT_OBJC_MSGSEND = YES;
				ENABLE_TESTABILITY = YES;
				GCC_C_LANGUAGE_STANDARD = gnu11;
				GCC_DYNAMIC_NO_PIC = NO;
				GCC_NO_COMMON_BLOCKS = YES;
				GCC_OPTIMIZATION_LEVEL = 0;
				GCC_PREPROCESSOR_DEFINITIONS = (
					"DEBUG=1",
					"$(inherited)",
				);
				GCC_WARN_64_TO_32_BIT_CONVERSION = YES;
				GCC_WARN_ABOUT_RETURN_TYPE = YES_ERROR;
				GCC_WARN_UNDECLARED_SELECTOR = YES;
				GCC_WARN_UNINITIALIZED_AUTOS = YES_AGGRESSIVE;
				GCC_WARN_UNUSED_FUNCTION = YES;
				GCC_WARN_UNUSED_VARIABLE = YES;
				IPHONEOS_DEPLOYMENT_TARGET = 14.4;
				MTL_ENABLE_DEBUG_INFO = INCLUDE_SOURCE;
				MTL_FAST_MATH = YES;
				ONLY_ACTIVE_ARCH = YES;
				SDKROOT = iphoneos;
				SWIFT_ACTIVE_COMPILATION_CONDITIONS = DEBUG;
				SWIFT_OPTIMIZATION_LEVEL = "-Onone";
			};
			name = Debug;
		};
		12C8700A25DB226B009DA466 /* Release */ = {
			isa = XCBuildConfiguration;
			buildSettings = {
				ALWAYS_SEARCH_USER_PATHS = NO;
				CLANG_ANALYZER_NONNULL = YES;
				CLANG_ANALYZER_NUMBER_OBJECT_CONVERSION = YES_AGGRESSIVE;
				CLANG_CXX_LANGUAGE_STANDARD = "gnu++14";
				CLANG_CXX_LIBRARY = "libc++";
				CLANG_ENABLE_MODULES = YES;
				CLANG_ENABLE_OBJC_ARC = YES;
				CLANG_ENABLE_OBJC_WEAK = YES;
				CLANG_WARN_BLOCK_CAPTURE_AUTORELEASING = YES;
				CLANG_WARN_BOOL_CONVERSION = YES;
				CLANG_WARN_COMMA = YES;
				CLANG_WARN_CONSTANT_CONVERSION = YES;
				CLANG_WARN_DEPRECATED_OBJC_IMPLEMENTATIONS = YES;
				CLANG_WARN_DIRECT_OBJC_ISA_USAGE = YES_ERROR;
				CLANG_WARN_DOCUMENTATION_COMMENTS = YES;
				CLANG_WARN_EMPTY_BODY = YES;
				CLANG_WARN_ENUM_CONVERSION = YES;
				CLANG_WARN_INFINITE_RECURSION = YES;
				CLANG_WARN_INT_CONVERSION = YES;
				CLANG_WARN_NON_LITERAL_NULL_CONVERSION = YES;
				CLANG_WARN_OBJC_IMPLICIT_RETAIN_SELF = YES;
				CLANG_WARN_OBJC_LITERAL_CONVERSION = YES;
				CLANG_WARN_OBJC_ROOT_CLASS = YES_ERROR;
				CLANG_WARN_QUOTED_INCLUDE_IN_FRAMEWORK_HEADER = YES;
				CLANG_WARN_RANGE_LOOP_ANALYSIS = YES;
				CLANG_WARN_STRICT_PROTOTYPES = YES;
				CLANG_WARN_SUSPICIOUS_MOVE = YES;
				CLANG_WARN_UNGUARDED_AVAILABILITY = YES_AGGRESSIVE;
				CLANG_WARN_UNREACHABLE_CODE = YES;
				CLANG_WARN__DUPLICATE_METHOD_MATCH = YES;
				COPY_PHASE_STRIP = NO;
				DEBUG_INFORMATION_FORMAT = "dwarf-with-dsym";
				ENABLE_NS_ASSERTIONS = NO;
				ENABLE_STRICT_OBJC_MSGSEND = YES;
				GCC_C_LANGUAGE_STANDARD = gnu11;
				GCC_NO_COMMON_BLOCKS = YES;
				GCC_WARN_64_TO_32_BIT_CONVERSION = YES;
				GCC_WARN_ABOUT_RETURN_TYPE = YES_ERROR;
				GCC_WARN_UNDECLARED_SELECTOR = YES;
				GCC_WARN_UNINITIALIZED_AUTOS = YES_AGGRESSIVE;
				GCC_WARN_UNUSED_FUNCTION = YES;
				GCC_WARN_UNUSED_VARIABLE = YES;
				IPHONEOS_DEPLOYMENT_TARGET = 14.4;
				MTL_ENABLE_DEBUG_INFO = NO;
				MTL_FAST_MATH = YES;
				SDKROOT = iphoneos;
				SWIFT_COMPILATION_MODE = wholemodule;
				SWIFT_OPTIMIZATION_LEVEL = "-O";
				VALIDATE_PRODUCT = YES;
			};
			name = Release;
		};
		12C8700C25DB226B009DA466 /* Debug */ = {
			isa = XCBuildConfiguration;
			baseConfigurationReference = E6E18401A0F5D1201CB5FFED /* Pods-flixster.debug.xcconfig */;
			buildSettings = {
				ASSETCATALOG_COMPILER_APPICON_NAME = AppIcon;
				ASSETCATALOG_COMPILER_GLOBAL_ACCENT_COLOR_NAME = AccentColor;
				CODE_SIGN_STYLE = Automatic;
				DEVELOPMENT_TEAM = 655RD9Z6FK;
				INFOPLIST_FILE = flixster/Info.plist;
				LD_RUNPATH_SEARCH_PATHS = (
					"$(inherited)",
					"@executable_path/Frameworks",
				);
				PRODUCT_BUNDLE_IDENTIFIER = josh.j.kaiser.flixster;
				PRODUCT_NAME = "$(TARGET_NAME)";
				SWIFT_VERSION = 5.0;
				TARGETED_DEVICE_FAMILY = "1,2";
			};
			name = Debug;
		};
		12C8700D25DB226B009DA466 /* Release */ = {
			isa = XCBuildConfiguration;
			baseConfigurationReference = 07774FFEDA9A315A1C229E1A /* Pods-flixster.release.xcconfig */;
			buildSettings = {
				ASSETCATALOG_COMPILER_APPICON_NAME = AppIcon;
				ASSETCATALOG_COMPILER_GLOBAL_ACCENT_COLOR_NAME = AccentColor;
				CODE_SIGN_STYLE = Automatic;
				DEVELOPMENT_TEAM = 655RD9Z6FK;
				INFOPLIST_FILE = flixster/Info.plist;
				LD_RUNPATH_SEARCH_PATHS = (
					"$(inherited)",
					"@executable_path/Frameworks",
				);
				PRODUCT_BUNDLE_IDENTIFIER = josh.j.kaiser.flixster;
				PRODUCT_NAME = "$(TARGET_NAME)";
				SWIFT_VERSION = 5.0;
				TARGETED_DEVICE_FAMILY = "1,2";
			};
			name = Release;
		};
		12C8700F25DB226B009DA466 /* Debug */ = {
			isa = XCBuildConfiguration;
			baseConfigurationReference = 96ECC2E9EE6340F5DA983EA1 /* Pods-flixsterTests.debug.xcconfig */;
			buildSettings = {
				ALWAYS_EMBED_SWIFT_STANDARD_LIBRARIES = YES;
				BUNDLE_LOADER = "$(TEST_HOST)";
				CODE_SIGN_STYLE = Automatic;
				DEVELOPMENT_TEAM = 655RD9Z6FK;
				INFOPLIST_FILE = flixsterTests/Info.plist;
				IPHONEOS_DEPLOYMENT_TARGET = 14.4;
				LD_RUNPATH_SEARCH_PATHS = (
					"$(inherited)",
					"@executable_path/Frameworks",
					"@loader_path/Frameworks",
				);
				PRODUCT_BUNDLE_IDENTIFIER = josh.j.kaiser.flixsterTests;
				PRODUCT_NAME = "$(TARGET_NAME)";
				SWIFT_VERSION = 5.0;
				TARGETED_DEVICE_FAMILY = "1,2";
				TEST_HOST = "$(BUILT_PRODUCTS_DIR)/flixster.app/flixster";
			};
			name = Debug;
		};
		12C8701025DB226B009DA466 /* Release */ = {
			isa = XCBuildConfiguration;
			baseConfigurationReference = 6A7222594B378637AE41423A /* Pods-flixsterTests.release.xcconfig */;
			buildSettings = {
				ALWAYS_EMBED_SWIFT_STANDARD_LIBRARIES = YES;
				BUNDLE_LOADER = "$(TEST_HOST)";
				CODE_SIGN_STYLE = Automatic;
				DEVELOPMENT_TEAM = 655RD9Z6FK;
				INFOPLIST_FILE = flixsterTests/Info.plist;
				IPHONEOS_DEPLOYMENT_TARGET = 14.4;
				LD_RUNPATH_SEARCH_PATHS = (
					"$(inherited)",
					"@executable_path/Frameworks",
					"@loader_path/Frameworks",
				);
				PRODUCT_BUNDLE_IDENTIFIER = josh.j.kaiser.flixsterTests;
				PRODUCT_NAME = "$(TARGET_NAME)";
				SWIFT_VERSION = 5.0;
				TARGETED_DEVICE_FAMILY = "1,2";
				TEST_HOST = "$(BUILT_PRODUCTS_DIR)/flixster.app/flixster";
			};
			name = Release;
		};
		12C8701225DB226B009DA466 /* Debug */ = {
			isa = XCBuildConfiguration;
			baseConfigurationReference = 5C586BB990618658C1485DC1 /* Pods-flixster-flixsterUITests.debug.xcconfig */;
			buildSettings = {
				ALWAYS_EMBED_SWIFT_STANDARD_LIBRARIES = YES;
				CODE_SIGN_STYLE = Automatic;
				DEVELOPMENT_TEAM = 655RD9Z6FK;
				INFOPLIST_FILE = flixsterUITests/Info.plist;
				LD_RUNPATH_SEARCH_PATHS = (
					"$(inherited)",
					"@executable_path/Frameworks",
					"@loader_path/Frameworks",
				);
				PRODUCT_BUNDLE_IDENTIFIER = josh.j.kaiser.flixsterUITests;
				PRODUCT_NAME = "$(TARGET_NAME)";
				SWIFT_VERSION = 5.0;
				TARGETED_DEVICE_FAMILY = "1,2";
				TEST_TARGET_NAME = flixster;
			};
			name = Debug;
		};
		12C8701325DB226B009DA466 /* Release */ = {
			isa = XCBuildConfiguration;
			baseConfigurationReference = 715288ED16691002E492DA5C /* Pods-flixster-flixsterUITests.release.xcconfig */;
			buildSettings = {
				ALWAYS_EMBED_SWIFT_STANDARD_LIBRARIES = YES;
				CODE_SIGN_STYLE = Automatic;
				DEVELOPMENT_TEAM = 655RD9Z6FK;
				INFOPLIST_FILE = flixsterUITests/Info.plist;
				LD_RUNPATH_SEARCH_PATHS = (
					"$(inherited)",
					"@executable_path/Frameworks",
					"@loader_path/Frameworks",
				);
				PRODUCT_BUNDLE_IDENTIFIER = josh.j.kaiser.flixsterUITests;
				PRODUCT_NAME = "$(TARGET_NAME)";
				SWIFT_VERSION = 5.0;
				TARGETED_DEVICE_FAMILY = "1,2";
				TEST_TARGET_NAME = flixster;
			};
			name = Release;
		};
/* End XCBuildConfiguration section */

/* Begin XCConfigurationList section */
		12C86FDC25DB226A009DA466 /* Build configuration list for PBXProject "flixster" */ = {
			isa = XCConfigurationList;
			buildConfigurations = (
				12C8700925DB226B009DA466 /* Debug */,
				12C8700A25DB226B009DA466 /* Release */,
			);
			defaultConfigurationIsVisible = 0;
			defaultConfigurationName = Release;
		};
		12C8700B25DB226B009DA466 /* Build configuration list for PBXNativeTarget "flixster" */ = {
			isa = XCConfigurationList;
			buildConfigurations = (
				12C8700C25DB226B009DA466 /* Debug */,
				12C8700D25DB226B009DA466 /* Release */,
			);
			defaultConfigurationIsVisible = 0;
			defaultConfigurationName = Release;
		};
		12C8700E25DB226B009DA466 /* Build configuration list for PBXNativeTarget "flixsterTests" */ = {
			isa = XCConfigurationList;
			buildConfigurations = (
				12C8700F25DB226B009DA466 /* Debug */,
				12C8701025DB226B009DA466 /* Release */,
			);
			defaultConfigurationIsVisible = 0;
			defaultConfigurationName = Release;
		};
		12C8701125DB226B009DA466 /* Build configuration list for PBXNativeTarget "flixsterUITests" */ = {
			isa = XCConfigurationList;
			buildConfigurations = (
				12C8701225DB226B009DA466 /* Debug */,
				12C8701325DB226B009DA466 /* Release */,
			);
			defaultConfigurationIsVisible = 0;
			defaultConfigurationName = Release;
		};
/* End XCConfigurationList section */
	};
	rootObject = 12C86FD925DB226A009DA466 /* Project object */;
}
